{
  "name": "node-downstream",
  "version": "0.1.0",
  "lockfileVersion": 3,
  "requires": true,
  "packages": {
    "": {
      "name": "node-downstream",
      "version": "0.1.0",
      "workspaces": [
        "app",
        "demo-cli-app",
        "packages/util-websocket",
        "packages/util-audio-io",
        "packages/util-audio-playback",
        "packages/util-audio-filter",
        "packages/util-mic"
      ],
      "devDependencies": {
        "typescript": "^5.3.0"
      }
    },
    "app": {
      "name": "@node-downstream/app",
      "version": "0.1.0",
      "dependencies": {
        "@node-downstream/util-websocket": "file:../packages/util-websocket",
        "dotenv": "^17.2.3",
        "ws": "^8.16.0"
      },
      "devDependencies": {
        "@types/node": "^20.10.0",
        "@types/ws": "^8.5.10",
        "typescript": "^5.3.0"
      }
    },
    "demo-cli-app": {
      "name": "@node-downstream/demo-cli-app",
      "version": "0.1.0",
      "dependencies": {
        "@node-downstream/util-audio-io": "file:../packages/util-audio-io",
        "@node-downstream/util-websocket": "file:../packages/util-websocket"
      },
      "devDependencies": {
        "@types/node": "^20.10.0",
        "typescript": "^5.3.0"
      }
    },
    "node_modules/@echogarden/rnnoise-wasm": {
      "version": "0.2.0",
      "license": "BSD-3-Clause"
    },
    "node_modules/@node-downstream/app": {
      "resolved": "app",
      "link": true
    },
    "node_modules/@node-downstream/demo-cli-app": {
      "resolved": "demo-cli-app",
      "link": true
    },
    "node_modules/@node-downstream/util-audio-filter": {
      "resolved": "packages/util-audio-filter",
      "link": true
    },
    "node_modules/@node-downstream/util-audio-io": {
      "resolved": "packages/util-audio-io",
      "link": true
    },
    "node_modules/@node-downstream/util-audio-playback": {
      "resolved": "packages/util-audio-playback",
      "link": true
    },
    "node_modules/@node-downstream/util-mic": {
      "resolved": "packages/util-mic",
      "link": true
    },
    "node_modules/@node-downstream/util-websocket": {
      "resolved": "packages/util-websocket",
      "link": true
    },
    "node_modules/@types/node": {
      "version": "20.19.37",
      "dev": true,
      "license": "MIT",
      "dependencies": {
        "undici-types": "~6.21.0"
      }
    },
    "node_modules/@types/ws": {
      "version": "8.18.1",
      "dev": true,
      "license": "MIT",
      "dependencies": {
        "@types/node": "*"
      }
    },
    "node_modules/adm-zip": {
      "version": "0.5.16",
      "license": "MIT",
      "engines": {
        "node": ">=12.0"
      }
    },
    "node_modules/avr-vad": {
      "version": "1.0.9",
      "license": "MIT",
      "dependencies": {
        "onnxruntime-node": "^1.22.0-rev"
      },
      "engines": {
        "node": ">=16.0.0"
      }
    },
    "node_modules/bindings": {
      "version": "1.5.0",
      "license": "MIT",
      "dependencies": {
        "file-uri-to-path": "1.0.0"
      }
    },
    "node_modules/boolean": {
      "version": "3.2.0",
      "license": "MIT"
    },
    "node_modules/buffer-alloc": {
      "version": "1.2.0",
      "license": "MIT",
      "dependencies": {
        "buffer-alloc-unsafe": "^1.1.0",
        "buffer-fill": "^1.0.0"
      }
    },
    "node_modules/buffer-alloc-unsafe": {
      "version": "1.1.0",
      "license": "MIT"
    },
    "node_modules/buffer-fill": {
      "version": "1.0.0",
      "license": "MIT"
    },
    "node_modules/debug": {
      "version": "4.4.3",
      "license": "MIT",
      "dependencies": {
        "ms": "^2.1.3"
      },
      "engines": {
        "node": ">=6.0"
      },
      "peerDependenciesMeta": {
        "supports-color": {
          "optional": true
        }
      }
    },
    "node_modules/define-data-property": {
      "version": "1.1.4",
      "license": "MIT",
      "dependencies": {
        "es-define-property": "^1.0.0",
        "es-errors": "^1.3.0",
        "gopd": "^1.0.1"
      },
      "engines": {
        "node": ">= 0.4"
      },
      "funding": {
        "url": "https://github.com/sponsors/ljharb"
      }
    },
    "node_modules/define-properties": {
      "version": "1.2.1",
      "license": "MIT",
      "dependencies": {
        "define-data-property": "^1.0.1",
        "has-property-descriptors": "^1.0.0",
        "object-keys": "^1.1.1"
      },
      "engines": {
        "node": ">= 0.4"
      },
      "funding": {
        "url": "https://github.com/sponsors/ljharb"
      }
    },
    "node_modules/detect-node": {
      "version": "2.1.0",
      "license": "MIT"
    },
    "node_modules/dotenv": {
      "version": "17.3.1",
      "license": "BSD-2-Clause",
      "engines": {
        "node": ">=12"
      },
      "funding": {
        "url": "https://dotenvx.com"
      }
    },
    "node_modules/es-define-property": {
      "version": "1.0.1",
      "license": "MIT",
      "engines": {
        "node": ">= 0.4"
      }
    },
    "node_modules/es-errors": {
      "version": "1.3.0",
      "license": "MIT",
      "engines": {
        "node": ">= 0.4"
      }
    },
    "node_modules/es6-error": {
      "version": "4.1.1",
      "license": "MIT"
    },
    "node_modules/escape-string-regexp": {
      "version": "4.0.0",
      "license": "MIT",
      "engines": {
        "node": ">=10"
      },
      "funding": {
        "url": "https://github.com/sponsors/sindresorhus"
      }
    },
    "node_modules/file-uri-to-path": {
      "version": "1.0.0",
      "license": "MIT"
    },
    "node_modules/global-agent": {
      "version": "3.0.0",
      "license": "BSD-3-Clause",
      "dependencies": {
        "boolean": "^3.0.1",
        "es6-error": "^4.1.1",
        "matcher": "^3.0.0",
        "roarr": "^2.15.3",
        "semver": "^7.3.2",
        "serialize-error": "^7.0.1"
      },
      "engines": {
        "node": ">=10.0"
      }
    },
    "node_modules/globalthis": {
      "version": "1.0.4",
      "license": "MIT",
      "dependencies": {
        "define-properties": "^1.2.1",
        "gopd": "^1.0.1"
      },
      "engines": {
        "node": ">= 0.4"
      },
      "funding": {
        "url": "https://github.com/sponsors/ljharb"
      }
    },
    "node_modules/gopd": {
      "version": "1.2.0",
      "license": "MIT",
      "engines": {
        "node": ">= 0.4"
      },
      "funding": {
        "url": "https://github.com/sponsors/ljharb"
      }
    },
    "node_modules/has-property-descriptors": {
      "version": "1.0.2",
      "license": "MIT",
      "dependencies": {
        "es-define-property": "^1.0.0"
      },
      "funding": {
        "url": "https://github.com/sponsors/ljharb"
      }
    },
    "node_modules/json-stringify-safe": {
      "version": "5.0.1",
      "license": "ISC"
    },
    "node_modules/matcher": {
      "version": "3.0.0",
      "license": "MIT",
      "dependencies": {
        "escape-string-regexp": "^4.0.0"
      },
      "engines": {
        "node": ">=10"
      }
    },
    "node_modules/ms": {
      "version": "2.1.3",
      "license": "MIT"
    },
    "node_modules/node-record-lpcm16": {
      "version": "1.0.1",
      "license": "ISC",
      "dependencies": {
        "debug": "^2.6.8"
      }
    },
    "node_modules/node-record-lpcm16/node_modules/debug": {
      "version": "2.6.9",
      "license": "MIT",
      "dependencies": {
        "ms": "2.0.0"
      }
    },
    "node_modules/node-record-lpcm16/node_modules/ms": {
      "version": "2.0.0",
      "license": "MIT"
    },
    "node_modules/object-keys": {
      "version": "1.1.1",
      "license": "MIT",
      "engines": {
        "node": ">= 0.4"
      }
    },
    "node_modules/onnxruntime-common": {
      "version": "1.24.3",
      "license": "MIT"
    },
    "node_modules/onnxruntime-node": {
      "version": "1.24.3",
      "hasInstallScript": true,
      "license": "MIT",
      "os": [
        "win32",
        "darwin",
        "linux"
      ],
      "dependencies": {
        "adm-zip": "^0.5.16",
        "global-agent": "^3.0.0",
        "onnxruntime-common": "1.24.3"
      }
    },
    "node_modules/roarr": {
      "version": "2.15.4",
      "license": "BSD-3-Clause",
      "dependencies": {
        "boolean": "^3.0.1",
        "detect-node": "^2.0.4",
        "globalthis": "^1.0.1",
        "json-stringify-safe": "^5.0.1",
        "semver-compare": "^1.0.0",
        "sprintf-js": "^1.1.2"
      },
      "engines": {
        "node": ">=8.0"
      }
    },
    "node_modules/semver": {
      "version": "7.7.4",
      "license": "ISC",
      "bin": {
        "semver": "bin/semver.js"
      },
      "engines": {
        "node": ">=10"
      }
    },
    "node_modules/semver-compare": {
      "version": "1.0.0",
      "license": "MIT"
    },
    "node_modules/serialize-error": {
      "version": "7.0.1",
      "license": "MIT",
      "dependencies": {
        "type-fest": "^0.13.1"
      },
      "engines": {
        "node": ">=10"
      },
      "funding": {
        "url": "https://github.com/sponsors/sindresorhus"
      }
    },
    "node_modules/speaker": {
      "version": "0.5.5",
      "license": "(MIT AND LGPL-2.1-only)",
      "dependencies": {
        "bindings": "^1.3.0",
        "buffer-alloc": "^1.1.0",
        "debug": "^4.0.0"
      },
      "engines": {
        "node": ">=8.6"
      }
    },
    "node_modules/sprintf-js": {
      "version": "1.1.3",
      "license": "BSD-3-Clause"
    },
    "node_modules/type-fest": {
      "version": "0.13.1",
      "license": "(MIT OR CC0-1.0)",
      "engines": {
        "node": ">=10"
      },
      "funding": {
        "url": "https://github.com/sponsors/sindresorhus"
      }
    },
    "node_modules/typescript": {
      "version": "5.9.3",
      "dev": true,
      "license": "Apache-2.0",
      "bin": {
        "tsc": "bin/tsc",
        "tsserver": "bin/tsserver"
      },
      "engines": {
        "node": ">=14.17"
      }
    },
    "node_modules/undici-types": {
      "version": "6.21.0",
      "dev": true,
      "license": "MIT"
    },
    "node_modules/ws": {
      "version": "8.19.0",
      "license": "MIT",
      "engines": {
        "node": ">=10.0.0"
      },
      "peerDependencies": {
        "bufferutil": "^4.0.1",
        "utf-8-validate": ">=5.0.2"
      },
      "peerDependenciesMeta": {
        "bufferutil": {
          "optional": true
        },
        "utf-8-validate": {
          "optional": true
        }
      }
    },
    "packages/util-audio-filter": {
      "name": "@node-downstream/util-audio-filter",
      "version": "0.1.0",
      "dependencies": {
        "@echogarden/rnnoise-wasm": "^0.2.0",
        "avr-vad": "^1.0.9"
      },
      "devDependencies": {
        "@types/node": "^20.10.0",
        "typescript": "^5.3.0"
      }
    },
    "packages/util-audio-io": {
      "name": "@node-downstream/util-audio-io",
      "version": "0.1.0",
      "dependencies": {
        "@node-downstream/util-audio-filter": "file:../util-audio-filter",
        "@node-downstream/util-audio-playback": "file:../util-audio-playback",
        "@node-downstream/util-mic": "file:../util-mic"
      },
      "devDependencies": {
        "@types/node": "^20.10.0",
        "typescript": "^5.3.0"
      }
    },
    "packages/util-audio-playback": {
      "name": "@node-downstream/util-audio-playback",
      "version": "0.1.0",
      "dependencies": {
        "speaker": "^0.5.4"
      },
      "devDependencies": {
        "@types/node": "^20.10.0",
        "typescript": "^5.3.0"
      }
    },
    "packages/util-mic": {
      "name": "@node-downstream/util-mic",
      "version": "0.1.0",
      "dependencies": {
        "node-record-lpcm16": "^1.0.1"
      },
      "devDependencies": {
        "@types/node": "^20.10.0",
        "typescript": "^5.3.0"
      }
    },
    "packages/util-websocket": {
      "name": "@node-downstream/util-websocket",
      "version": "0.1.0",
      "dependencies": {
        "ws": "^8.16.0"
      },
      "devDependencies": {
        "@types/node": "^20.10.0",
        "@types/ws": "^8.5.10",
        "typescript": "^5.3.0"
      }
    }
  }
}
